{
  "requires": true,
  "lockfileVersion": 1,
  "dependencies": {
    "@ethersproject/bytes": {
      "version": "5.5.0",
      "resolved": "https://registry.npmjs.org/@ethersproject/bytes/-/bytes-5.5.0.tgz",
      "integrity": "sha512-ABvc7BHWhZU9PNM/tANm/Qx4ostPGadAuQzWTr3doklZOhDlmcBqclrQe/ZXUIj3K8wC28oYeuRa+A37tX9kog==",
      "requires": {
        "@ethersproject/logger": "^5.5.0"
      }
    },
    "@ethersproject/keccak256": {
      "version": "5.5.0",
      "resolved": "https://registry.npmjs.org/@ethersproject/keccak256/-/keccak256-5.5.0.tgz",
      "integrity": "sha512-5VoFCTjo2rYbBe1l2f4mccaRFN/4VQEYFwwn04aJV2h7qf4ZvI2wFxUE1XOX+snbwCLRzIeikOqtAoPwMza9kg==",
      "requires": {
        "@ethersproject/bytes": "^5.5.0",
        "js-sha3": "0.8.0"
      }
    },
    "@ethersproject/logger": {
      "version": "5.5.0",
      "resolved": "https://registry.npmjs.org/@ethersproject/logger/-/logger-5.5.0.tgz",
      "integrity": "sha512-rIY/6WPm7T8n3qS2vuHTUBPdXHl+rGxWxW5okDfo9J4Z0+gRRZT0msvUdIJkE4/HS29GUMziwGaaKO2bWONBrg=="
    },
    "@openzeppelin/contracts": {
      "version": "4.3.2",
      "resolved": "https://registry.npmjs.org/@openzeppelin/contracts/-/contracts-4.3.2.tgz",
      "integrity": "sha512-AybF1cesONZStg5kWf6ao9OlqTZuPqddvprc0ky7lrUVOjXeKpmQ2Y9FK+6ygxasb+4aic4O5pneFBfwVsRRRg==",
      "dev": true
    },
    "@web3-react/abstract-connector": {
      "version": "6.0.7",
      "resolved": "https://registry.npmjs.org/@web3-react/abstract-connector/-/abstract-connector-6.0.7.tgz",
      "integrity": "sha512-RhQasA4Ox8CxUC0OENc1AJJm8UTybu/oOCM61Zjg6y0iF7Z0sqv1Ai1VdhC33hrQpA8qSBgoXN9PaP8jKmtdqg==",
      "requires": {
        "@web3-react/types": "^6.0.7"
      }
    },
    "@web3-react/core": {
      "version": "6.1.9",
      "resolved": "https://registry.npmjs.org/@web3-react/core/-/core-6.1.9.tgz",
      "integrity": "sha512-P877DslsbAkWIlMANpWiK7pCvNwlz0kJC0EGckuVh0wlA23J4UnFxq6xyOaxkxaDCu14rA/tAO0NbwjcXTQgSA==",
      "requires": {
        "@ethersproject/keccak256": "^5.0.0-beta.130",
        "@web3-react/abstract-connector": "^6.0.7",
        "@web3-react/types": "^6.0.7",
        "tiny-invariant": "^1.0.6",
        "tiny-warning": "^1.0.3"
      }
    },
    "@web3-react/injected-connector": {
      "version": "6.0.7",
      "resolved": "https://registry.npmjs.org/@web3-react/injected-connector/-/injected-connector-6.0.7.tgz",
      "integrity": "sha512-Y7aJSz6pg+MWKtvdyuqyy6LWuH+4Tqtph1LWfiyVms9II9ar/9B/de4R8wh4wjg91wmHkU+D75yP09E/Soh2RA==",
      "requires": {
        "@web3-react/abstract-connector": "^6.0.7",
        "@web3-react/types": "^6.0.7",
        "tiny-warning": "^1.0.3"
      }
    },
    "@web3-react/types": {
      "version": "6.0.7",
      "resolved": "https://registry.npmjs.org/@web3-react/types/-/types-6.0.7.tgz",
      "integrity": "sha512-ofGmfDhxmNT1/P/MgVa8IKSkCStFiyvXe+U5tyZurKdrtTDFU+wJ/LxClPDtFerWpczNFPUSrKcuhfPX1sI6+A=="
    },
    "js-sha3": {
      "version": "0.8.0",
      "resolved": "https://registry.npmjs.org/js-sha3/-/js-sha3-0.8.0.tgz",
      "integrity": "sha512-gF1cRrHhIzNfToc802P800N8PpXS+evLLXfsVpowqmAFR9uwbi89WvXg2QspOmXL8QL86J4T1EpFu+yUkwJY3Q=="
    },
    "tiny-invariant": {
      "version": "1.1.0",
      "resolved": "https://registry.npmjs.org/tiny-invariant/-/tiny-invariant-1.1.0.tgz",
      "integrity": "sha512-ytxQvrb1cPc9WBEI/HSeYYoGD0kWnGEOR8RY6KomWLBVhqz0RgTwVO9dLrGz7dC+nN9llyI7OKAgRq8Vq4ZBSw=="
    },
    "tiny-warning": {
      "version": "1.0.3",
      "resolved": "https://registry.npmjs.org/tiny-warning/-/tiny-warning-1.0.3.tgz",
      "integrity": "sha512-lBN9zLN/oAf68o3zNXYrdCt1kP8WsiGW8Oo2ka41b2IM5JL/S1CTyX1rW0mb/zSuJun0ZUrDxx4sqvYS2FWzPA=="
    }
  }
}
